
Microsoft Visual Studio Solution File, Format Version 12.00
# Visual Studio 15
VisualStudioVersion = 15.0.28010.2016
MinimumVisualStudioVersion = 10.0.40219.1
Project("{FAE04EC0-301F-11D3-BF4B-00C04F79EFBC}") = "GossipScript", "GossipScript\GossipScript.csproj", "{BA58CDBA-6E70-42CD-9747-84BB8744D77C}"
EndProject
Project("{FAE04EC0-301F-11D3-BF4B-00C04F79EFBC}") = "GossipScript.Test", "GossipScript.Test\GossipScript.Test.csproj", "{EFBC1487-6809-4E6E-BA04-AFD9B8AFFAEF}"
EndProject
Global
	GlobalSection(SolutionConfigurationPlatforms) = preSolution
		Debug|Any CPU = Debug|Any CPU
		Debug|x64 = Debug|x64
		Debug|x86 = Debug|x86
		Release|Any CPU = Release|Any CPU
		Release|x64 = Release|x64
		Release|x86 = Release|x86
	EndGlobalSection
	GlobalSection(ProjectConfigurationPlatforms) = postSolution
		{BA58CDBA-6E70-42CD-9747-84BB8744D77C}.Debug|Any CPU.ActiveCfg = Debug|Any CPU
		{BA58CDBA-6E70-42CD-9747-84BB8744D77C}.Debug|Any CPU.Build.0 = Debug|Any CPU
		{BA58CDBA-6E70-42CD-9747-84BB8744D77C}.Debug|x64.ActiveCfg = Debug|Any CPU
		{BA58CDBA-6E70-42CD-9747-84BB8744D77C}.Debug|x64.Build.0 = Debug|Any CPU
		{BA58CDBA-6E70-42CD-9747-84BB8744D77C}.Debug|x86.ActiveCfg = Debug|Any CPU
		{BA58CDBA-6E70-42CD-9747-84BB8744D77C}.Debug|x86.Build.0 = Debug|Any CPU
		{BA58CDBA-6E70-42CD-9747-84BB8744D77C}.Release|Any CPU.ActiveCfg = Release|Any CPU
		{BA58CDBA-6E70-42CD-9747-84BB8744D77C}.Release|Any CPU.Build.0 = Release|Any CPU
		{BA58CDBA-6E70-42CD-9747-84BB8744D77C}.Release|x64.ActiveCfg = Release|Any CPU
		{BA58CDBA-6E70-42CD-9747-84BB8744D77C}.Release|x64.Build.0 = Release|Any CPU
		{BA58CDBA-6E70-42CD-9747-84BB8744D77C}.Release|x86.ActiveCfg = Release|Any CPU
		{BA58CDBA-6E70-42CD-9747-84BB8744D77C}.Release|x86.Build.0 = Release|Any CPU
		{EFBC1487-6809-4E6E-BA04-AFD9B8AFFAEF}.Debug|Any CPU.ActiveCfg = Debug|Any CPU
		{EFBC1487-6809-4E6E-BA04-AFD9B8AFFAEF}.Debug|Any CPU.Build.0 = Debug|Any CPU
		{EFBC1487-6809-4E6E-BA04-AFD9B8AFFAEF}.Debug|x64.ActiveCfg = Debug|Any CPU
		{EFBC1487-6809-4E6E-BA04-AFD9B8AFFAEF}.Debug|x64.Build.0 = Debug|Any CPU
		{EFBC1487-6809-4E6E-BA04-AFD9B8AFFAEF}.Debug|x86.ActiveCfg = Debug|Any CPU
		{EFBC1487-6809-4E6E-BA04-AFD9B8AFFAEF}.Debug|x86.Build.0 = Debug|Any CPU
		{EFBC1487-6809-4E6E-BA04-AFD9B8AFFAEF}.Release|Any CPU.ActiveCfg = Release|Any CPU
		{EFBC1487-6809-4E6E-BA04-AFD9B8AFFAEF}.Release|Any CPU.Build.0 = Release|Any CPU
		{EFBC1487-6809-4E6E-BA04-AFD9B8AFFAEF}.Release|x64.ActiveCfg = Release|Any CPU
		{EFBC1487-6809-4E6E-BA04-AFD9B8AFFAEF}.Release|x64.Build.0 = Release|Any CPU
		{EFBC1487-6809-4E6E-BA04-AFD9B8AFFAEF}.Release|x86.ActiveCfg = Release|Any CPU
		{EFBC1487-6809-4E6E-BA04-AFD9B8AFFAEF}.Release|x86.Build.0 = Release|Any CPU
	EndGlobalSection
	GlobalSection(SolutionProperties) = preSolution
		HideSolutionNode = FALSE
	EndGlobalSection
	GlobalSection(ExtensibilityGlobals) = postSolution
		SolutionGuid = {140324B7-47AC-4EAF-825A-3C2D7FE8A35E}
	EndGlobalSection
EndGlobal
